{"1.1.0",
[{<<"cowboy">>,{pkg,<<"cowboy">>,<<"1.1.0">>},0},
 {<<"cowlib">>,{pkg,<<"cowlib">>,<<"1.0.2">>},1},
 {<<"ranch">>,{pkg,<<"ranch">>,<<"1.2.0">>},0}]}.
[
{pkg_hash,[
 {<<"cowboy">>, <<"D9637F0FE7F0727EFC8D703A9CFC2CF9E67FD11C6F7A22D35BE687E44441D734">>},
 {<<"cowlib">>, <<"9D769A1D062C9C3AC753096F868CA121E2730B9A377DE23DEC0F7E08B1DF84EE">>},
 {<<"ranch">>, <<"B286A948A0706A700A9F577E5CECBB2DC66097EA79F3DDB20BA5536069BDB7AA">>}]}
].
